{
  "version": 4,
  "terraform_version": "1.16.2",
  "serial": 165,
  "lineage": "f424fc9f-9e48-7564-36f3-b0386dc0df56",
  "outputs": {},
  "resources": [
    {
      "mode": "managed",
      "type": "gns3_link",
      "name": "link_mikrotik_switch",
      "provider": "provider[\"registry.terraform.io/netopschic/gns3\"]",
      "instances": [
        {
          "schema_version": 0,
          "attributes": {
            "id": "70a7b7f7-1953-43a3-8214-31713c6bda7f",
            "link_id": "70a7b7f7-1953-43a3-8214-31713c6bda7f",
            "node_a_adapter": 1,
            "node_a_id": "ef331a93-c8b6-4319-8d7d-f505ca5f5c34",
            "node_a_port": 0,
            "node_b_adapter": 0,
            "node_b_id": "9178590d-92fa-4000-9125-f44be20e133f",
            "node_b_port": 0,
            "project_id": "95e86c7c-d922-4de9-9c71-b56500575a37"
          },
          "sensitive_attributes": [],
          "identity_schema_version": 0,
          "private": "bnVsbA==",
          "dependencies": [
            "gns3_project.lab",
            "gns3_switch.switch1",
            "gns3_template.mikrotik1"
          ]
        }
      ]
    },
    {
      "mode": "managed",
      "type": "gns3_link",
      "name": "link_nat_mikrotik",
      "provider": "provider[\"registry.terraform.io/netopschic/gns3\"]",
      "instances": [
        {
          "schema_version": 0,
          "attributes": {
            "id": "18c7c789-2a80-4730-bfc2-bc10fd1e9cf8",
            "link_id": "18c7c789-2a80-4730-bfc2-bc10fd1e9cf8",
            "node_a_adapter": 0,
            "node_a_id": "e33d538f-d942-4ca5-95eb-6837d69219b6",
            "node_a_port": 0,
            "node_b_adapter": 0,
            "node_b_id": "ef331a93-c8b6-4319-8d7d-f505ca5f5c34",
            "node_b_port": 0,
            "project_id": "95e86c7c-d922-4de9-9c71-b56500575a37"
          },
          "sensitive_attributes": [],
          "identity_schema_version": 0,
          "private": "bnVsbA==",
          "dependencies": [
            "gns3_nat.internet",
            "gns3_project.lab",
            "gns3_template.mikrotik1"
          ]
        }
      ]
    },
    {
      "mode": "managed",
      "type": "gns3_link",
      "name": "link_switch_pc",
      "provider": "provider[\"registry.terraform.io/netopschic/gns3\"]",
      "instances": [
        {
          "schema_version": 0,
          "attributes": {
            "id": "84a4558f-317e-4a24-9d6c-72a09775945e",
            "link_id": "84a4558f-317e-4a24-9d6c-72a09775945e",
            "node_a_adapter": 0,
            "node_a_id": "9178590d-92fa-4000-9125-f44be20e133f",
            "node_a_port": 1,
            "node_b_adapter": 0,
            "node_b_id": "ebd1c611-2294-4a88-a839-a60165a63f67",
            "node_b_port": 0,
            "project_id": "95e86c7c-d922-4de9-9c71-b56500575a37"
          },
          "sensitive_attributes": [],
          "identity_schema_version": 0,
          "private": "bnVsbA==",
          "dependencies": [
            "gns3_project.lab",
            "gns3_switch.switch1",
            "gns3_template.office_pc"
          ]
        }
      ]
    },
    {
      "mode": "managed",
      "type": "gns3_nat",
      "name": "internet",
      "provider": "provider[\"registry.terraform.io/netopschic/gns3\"]",
      "instances": [
        {
          "schema_version": 0,
          "attributes": {
            "compute_id": "local",
            "id": "e33d538f-d942-4ca5-95eb-6837d69219b6",
            "name": "Internet-NAT",
            "nat_id": "e33d538f-d942-4ca5-95eb-6837d69219b6",
            "project_id": "95e86c7c-d922-4de9-9c71-b56500575a37",
            "symbol": null,
            "x": -300,
            "y": 0
          },
          "sensitive_attributes": [],
          "identity_schema_version": 0,
          "private": "bnVsbA==",
          "dependencies": [
            "gns3_project.lab"
          ]
        }
      ]
    },
    {
      "mode": "managed",
      "type": "gns3_project",
      "name": "lab",
      "provider": "provider[\"registry.terraform.io/netopschic/gns3\"]",
      "instances": [
        {
          "schema_version": 0,
          "attributes": {
            "id": "95e86c7c-d922-4de9-9c71-b56500575a37",
            "name": "enterprise_branch_lab",
            "project_id": "95e86c7c-d922-4de9-9c71-b56500575a37"
          },
          "sensitive_attributes": [],
          "identity_schema_version": 0,
          "private": "bnVsbA=="
        }
      ]
    },
    {
      "mode": "managed",
      "type": "gns3_start_all",
      "name": "start_nodes",
      "provider": "provider[\"registry.terraform.io/netopschic/gns3\"]",
      "instances": [
        {
          "schema_version": 0,
          "attributes": {
            "id": "95e86c7c-d922-4de9-9c71-b56500575a37-start",
            "project_id": "95e86c7c-d922-4de9-9c71-b56500575a37"
          },
          "sensitive_attributes": [],
          "identity_schema_version": 0,
          "private": "bnVsbA==",
          "dependencies": [
            "gns3_project.lab"
          ]
        }
      ]
    },
    {
      "mode": "managed",
      "type": "gns3_switch",
      "name": "switch1",
      "provider": "provider[\"registry.terraform.io/netopschic/gns3\"]",
      "instances": [
        {
          "schema_version": 0,
          "attributes": {
            "compute_id": "local",
            "id": "9178590d-92fa-4000-9125-f44be20e133f",
            "name": "Core-Switch",
            "project_id": "95e86c7c-d922-4de9-9c71-b56500575a37",
            "switch_id": "9178590d-92fa-4000-9125-f44be20e133f",
            "symbol": null,
            "x": 0,
            "y": 100
          },
          "sensitive_attributes": [],
          "identity_schema_version": 0,
          "private": "bnVsbA==",
          "dependencies": [
            "gns3_project.lab"
          ]
        }
      ]
    },
    {
      "mode": "managed",
      "type": "gns3_template",
      "name": "mikrotik1",
      "provider": "provider[\"registry.terraform.io/netopschic/gns3\"]",
      "instances": [
        {
          "schema_version": 0,
          "attributes": {
            "compute_id": "local",
            "id": "ef331a93-c8b6-4319-8d7d-f505ca5f5c34",
            "name": "MikroTik-Edge-Router",
            "project_id": "95e86c7c-d922-4de9-9c71-b56500575a37",
            "start": true,
            "template_id": "a64bed07-cbe9-4e74-8645-366f9e9d472b",
            "x": 0,
            "y": 0
          },
          "sensitive_attributes": [],
          "identity_schema_version": 0,
          "private": "bnVsbA==",
          "dependencies": [
            "gns3_project.lab"
          ]
        }
      ]
    },
    {
      "mode": "managed",
      "type": "gns3_template",
      "name": "office_pc",
      "provider": "provider[\"registry.terraform.io/netopschic/gns3\"]",
      "instances": [
        {
          "schema_version": 0,
          "attributes": {
            "compute_id": "local",
            "id": "ebd1c611-2294-4a88-a839-a60165a63f67",
            "name": "Office-PC",
            "project_id": "95e86c7c-d922-4de9-9c71-b56500575a37",
            "start": true,
            "template_id": "19021f99-e36f-394d-b4a1-8aaa902ab9cc",
            "x": 300,
            "y": 100
          },
          "sensitive_attributes": [],
          "identity_schema_version": 0,
          "private": "bnVsbA==",
          "dependencies": [
            "gns3_project.lab"
          ]
        }
      ]
    },
    {
      "mode": "managed",
      "type": "null_resource",
      "name": "fix_nat_symbol",
      "provider": "provider[\"registry.terraform.io/hashicorp/null\"]",
      "instances": [
        {
          "schema_version": 0,
          "attributes": {
            "id": "1545465498427854985",
            "triggers": {
              "node_id": "e33d538f-d942-4ca5-95eb-6837d69219b6"
            }
          },
          "sensitive_attributes": [],
          "identity_schema_version": 0,
          "dependencies": [
            "gns3_nat.internet",
            "gns3_project.lab",
            "gns3_start_all.start_nodes"
          ]
        }
      ]
    },
    {
      "mode": "managed",
      "type": "null_resource",
      "name": "fix_pc_symbol",
      "provider": "provider[\"registry.terraform.io/hashicorp/null\"]",
      "instances": [
        {
          "schema_version": 0,
          "attributes": {
            "id": "8761940828822715289",
            "triggers": {
              "node_id": "ebd1c611-2294-4a88-a839-a60165a63f67"
            }
          },
          "sensitive_attributes": [],
          "identity_schema_version": 0,
          "dependencies": [
            "gns3_nat.internet",
            "gns3_project.lab",
            "gns3_start_all.start_nodes",
            "gns3_switch.switch1",
            "gns3_template.office_pc",
            "null_resource.fix_nat_symbol",
            "null_resource.fix_switch_symbol"
          ]
        }
      ]
    },
    {
      "mode": "managed",
      "type": "null_resource",
      "name": "fix_switch_symbol",
      "provider": "provider[\"registry.terraform.io/hashicorp/null\"]",
      "instances": [
        {
          "schema_version": 0,
          "attributes": {
            "id": "6314297505338193772",
            "triggers": {
              "node_id": "9178590d-92fa-4000-9125-f44be20e133f"
            }
          },
          "sensitive_attributes": [],
          "identity_schema_version": 0,
          "dependencies": [
            "gns3_nat.internet",
            "gns3_project.lab",
            "gns3_start_all.start_nodes",
            "gns3_switch.switch1",
            "null_resource.fix_nat_symbol"
          ]
        }
      ]
    }
  ],
  "check_results": null
}
