{
  "version": 4,
  "terraform_version": "1.16.2",
  "serial": 42,
  "lineage": "f424fc9f-9e48-7564-36f3-b0386dc0df56",
  "outputs": {},
  "resources": [
    {
      "mode": "managed",
      "type": "gns3_link",
      "name": "link_mikrotik_switch",
      "provider": "provider[\"registry.terraform.io/netopschic/gns3\"]",
      "instances": [
        {
          "schema_version": 0,
          "attributes": {
            "id": "0a9a812c-53af-4733-8276-b0ad61fd7c01",
            "link_id": "0a9a812c-53af-4733-8276-b0ad61fd7c01",
            "node_a_adapter": 1,
            "node_a_id": "153e0353-8a43-4532-9f62-4345d4928c7e",
            "node_a_port": 0,
            "node_b_adapter": 0,
            "node_b_id": "2b20b3da-761b-4449-adba-86f1b28023c1",
            "node_b_port": 0,
            "project_id": "eab0bfbe-0c30-4357-a499-a1a6bf6ff7e1"
          },
          "sensitive_attributes": [],
          "identity_schema_version": 0,
          "private": "bnVsbA==",
          "dependencies": [
            "gns3_project.lab",
            "gns3_switch.switch1",
            "gns3_template.mikrotik1"
          ]
        }
      ]
    },
    {
      "mode": "managed",
      "type": "gns3_link",
      "name": "link_nat_mikrotik",
      "provider": "provider[\"registry.terraform.io/netopschic/gns3\"]",
      "instances": [
        {
          "schema_version": 0,
          "attributes": {
            "id": "f3f36f34-98bc-4275-8f1a-348b89bf261e",
            "link_id": "f3f36f34-98bc-4275-8f1a-348b89bf261e",
            "node_a_adapter": 0,
            "node_a_id": "c142282b-815d-4770-8f2f-f2737efa1320",
            "node_a_port": 0,
            "node_b_adapter": 0,
            "node_b_id": "153e0353-8a43-4532-9f62-4345d4928c7e",
            "node_b_port": 0,
            "project_id": "eab0bfbe-0c30-4357-a499-a1a6bf6ff7e1"
          },
          "sensitive_attributes": [],
          "identity_schema_version": 0,
          "private": "bnVsbA==",
          "dependencies": [
            "gns3_nat.internet",
            "gns3_project.lab",
            "gns3_template.mikrotik1"
          ]
        }
      ]
    },
    {
      "mode": "managed",
      "type": "gns3_link",
      "name": "link_switch_pc",
      "provider": "provider[\"registry.terraform.io/netopschic/gns3\"]",
      "instances": [
        {
          "schema_version": 0,
          "attributes": {
            "id": "69230a20-8246-4fa1-b0da-6d5aa5e5e5fe",
            "link_id": "69230a20-8246-4fa1-b0da-6d5aa5e5e5fe",
            "node_a_adapter": 0,
            "node_a_id": "2b20b3da-761b-4449-adba-86f1b28023c1",
            "node_a_port": 1,
            "node_b_adapter": 0,
            "node_b_id": "167ccfaa-ec89-4a2e-878b-9ca31de3e2b7",
            "node_b_port": 0,
            "project_id": "eab0bfbe-0c30-4357-a499-a1a6bf6ff7e1"
          },
          "sensitive_attributes": [],
          "identity_schema_version": 0,
          "private": "bnVsbA==",
          "dependencies": [
            "gns3_project.lab",
            "gns3_switch.switch1",
            "gns3_template.office_pc"
          ]
        }
      ]
    },
    {
      "mode": "managed",
      "type": "gns3_nat",
      "name": "internet",
      "provider": "provider[\"registry.terraform.io/netopschic/gns3\"]",
      "instances": [
        {
          "schema_version": 0,
          "attributes": {
            "compute_id": "local",
            "id": "c142282b-815d-4770-8f2f-f2737efa1320",
            "name": "Internet-NAT",
            "nat_id": "c142282b-815d-4770-8f2f-f2737efa1320",
            "project_id": "eab0bfbe-0c30-4357-a499-a1a6bf6ff7e1",
            "symbol": ":/symbols/computer.svg",
            "x": 0,
            "y": 0
          },
          "sensitive_attributes": [],
          "identity_schema_version": 0,
          "private": "bnVsbA==",
          "dependencies": [
            "gns3_project.lab"
          ]
        }
      ]
    },
    {
      "mode": "managed",
      "type": "gns3_project",
      "name": "lab",
      "provider": "provider[\"registry.terraform.io/netopschic/gns3\"]",
      "instances": [
        {
          "schema_version": 0,
          "attributes": {
            "id": "eab0bfbe-0c30-4357-a499-a1a6bf6ff7e1",
            "name": "enterprise_branch_lab",
            "project_id": "eab0bfbe-0c30-4357-a499-a1a6bf6ff7e1"
          },
          "sensitive_attributes": [],
          "identity_schema_version": 0,
          "private": "bnVsbA=="
        }
      ]
    },
    {
      "mode": "managed",
      "type": "gns3_start_all",
      "name": "start_nodes",
      "provider": "provider[\"registry.terraform.io/netopschic/gns3\"]",
      "instances": [
        {
          "schema_version": 0,
          "attributes": {
            "id": "eab0bfbe-0c30-4357-a499-a1a6bf6ff7e1-start",
            "project_id": "eab0bfbe-0c30-4357-a499-a1a6bf6ff7e1"
          },
          "sensitive_attributes": [],
          "identity_schema_version": 0,
          "private": "bnVsbA==",
          "dependencies": [
            "gns3_project.lab"
          ]
        }
      ]
    },
    {
      "mode": "managed",
      "type": "gns3_switch",
      "name": "switch1",
      "provider": "provider[\"registry.terraform.io/netopschic/gns3\"]",
      "instances": [
        {
          "schema_version": 0,
          "attributes": {
            "compute_id": "local",
            "id": "2b20b3da-761b-4449-adba-86f1b28023c1",
            "name": "Core-Switch",
            "project_id": "eab0bfbe-0c30-4357-a499-a1a6bf6ff7e1",
            "switch_id": "2b20b3da-761b-4449-adba-86f1b28023c1",
            "symbol": ":/symbols/computer.svg",
            "x": 0,
            "y": 0
          },
          "sensitive_attributes": [],
          "identity_schema_version": 0,
          "private": "bnVsbA==",
          "dependencies": [
            "gns3_project.lab"
          ]
        }
      ]
    },
    {
      "mode": "managed",
      "type": "gns3_template",
      "name": "mikrotik1",
      "provider": "provider[\"registry.terraform.io/netopschic/gns3\"]",
      "instances": [
        {
          "schema_version": 0,
          "attributes": {
            "compute_id": "local",
            "id": "153e0353-8a43-4532-9f62-4345d4928c7e",
            "name": "MikroTik-Edge-Router",
            "project_id": "eab0bfbe-0c30-4357-a499-a1a6bf6ff7e1",
            "start": true,
            "template_id": "a64bed07-cbe9-4e74-8645-366f9e9d472b",
            "x": 0,
            "y": 0
          },
          "sensitive_attributes": [],
          "identity_schema_version": 0,
          "private": "bnVsbA==",
          "dependencies": [
            "gns3_project.lab"
          ]
        }
      ]
    },
    {
      "mode": "managed",
      "type": "gns3_template",
      "name": "office_pc",
      "provider": "provider[\"registry.terraform.io/netopschic/gns3\"]",
      "instances": [
        {
          "schema_version": 0,
          "attributes": {
            "compute_id": "local",
            "id": "167ccfaa-ec89-4a2e-878b-9ca31de3e2b7",
            "name": "Office-PC",
            "project_id": "eab0bfbe-0c30-4357-a499-a1a6bf6ff7e1",
            "start": true,
            "template_id": "19021f99-e36f-394d-b4a1-8aaa902ab9cc",
            "x": 0,
            "y": 0
          },
          "sensitive_attributes": [],
          "identity_schema_version": 0,
          "private": "bnVsbA==",
          "dependencies": [
            "gns3_project.lab"
          ]
        }
      ]
    },
    {
      "mode": "managed",
      "type": "null_resource",
      "name": "fix_mikrotik_symbol",
      "provider": "provider[\"registry.terraform.io/hashicorp/null\"]",
      "instances": [
        {
          "schema_version": 0,
          "attributes": {
            "id": "6898335645284643647",
            "triggers": null
          },
          "sensitive_attributes": [],
          "identity_schema_version": 0,
          "dependencies": [
            "gns3_project.lab",
            "gns3_template.mikrotik1"
          ]
        }
      ]
    },
    {
      "mode": "managed",
      "type": "null_resource",
      "name": "fix_nat_symbol",
      "provider": "provider[\"registry.terraform.io/hashicorp/null\"]",
      "instances": [
        {
          "schema_version": 0,
          "attributes": {
            "id": "8996358737002301554",
            "triggers": null
          },
          "sensitive_attributes": [],
          "identity_schema_version": 0,
          "dependencies": [
            "gns3_nat.internet",
            "gns3_project.lab"
          ]
        }
      ]
    },
    {
      "mode": "managed",
      "type": "null_resource",
      "name": "fix_pc_symbol",
      "provider": "provider[\"registry.terraform.io/hashicorp/null\"]",
      "instances": [
        {
          "schema_version": 0,
          "attributes": {
            "id": "1440754888953185823",
            "triggers": null
          },
          "sensitive_attributes": [],
          "identity_schema_version": 0,
          "dependencies": [
            "gns3_project.lab",
            "gns3_template.office_pc"
          ]
        }
      ]
    },
    {
      "mode": "managed",
      "type": "null_resource",
      "name": "fix_switch_symbol",
      "provider": "provider[\"registry.terraform.io/hashicorp/null\"]",
      "instances": [
        {
          "schema_version": 0,
          "attributes": {
            "id": "8150544455780657905",
            "triggers": null
          },
          "sensitive_attributes": [],
          "identity_schema_version": 0,
          "dependencies": [
            "gns3_project.lab",
            "gns3_switch.switch1"
          ]
        }
      ]
    }
  ],
  "check_results": null
}
