{
  "version": 4,
  "terraform_version": "1.16.2",
  "serial": 216,
  "lineage": "f424fc9f-9e48-7564-36f3-b0386dc0df56",
  "outputs": {},
  "resources": [
    {
      "mode": "managed",
      "type": "gns3_link",
      "name": "link_mikrotik1_mikrotik2",
      "provider": "provider[\"registry.terraform.io/netopschic/gns3\"]",
      "instances": [
        {
          "schema_version": 0,
          "attributes": {
            "id": "a3f8eb98-c029-4fab-a9a8-b592ceec30ff",
            "link_id": "a3f8eb98-c029-4fab-a9a8-b592ceec30ff",
            "node_a_adapter": 2,
            "node_a_id": "21ce0a66-cd6d-4433-b831-ba6937d6d4e9",
            "node_a_port": 0,
            "node_b_adapter": 1,
            "node_b_id": "8d1b7ce8-385d-4f50-a7c9-564dc726e947",
            "node_b_port": 0,
            "project_id": "2d02177a-4038-4742-9af2-d4dca38a1199"
          },
          "sensitive_attributes": [],
          "identity_schema_version": 0,
          "private": "bnVsbA==",
          "dependencies": [
            "gns3_project.lab",
            "gns3_template.mikrotik1",
            "gns3_template.mikrotik2"
          ]
        }
      ]
    },
    {
      "mode": "managed",
      "type": "gns3_link",
      "name": "link_mikrotik2_mikrotik3",
      "provider": "provider[\"registry.terraform.io/netopschic/gns3\"]",
      "instances": [
        {
          "schema_version": 0,
          "attributes": {
            "id": "5e17c428-8f71-4b9c-8b75-21a955381e0a",
            "link_id": "5e17c428-8f71-4b9c-8b75-21a955381e0a",
            "node_a_adapter": 2,
            "node_a_id": "8d1b7ce8-385d-4f50-a7c9-564dc726e947",
            "node_a_port": 0,
            "node_b_adapter": 1,
            "node_b_id": "45894104-50d4-4b26-bf53-c155e057f10e",
            "node_b_port": 0,
            "project_id": "2d02177a-4038-4742-9af2-d4dca38a1199"
          },
          "sensitive_attributes": [],
          "identity_schema_version": 0,
          "private": "bnVsbA==",
          "dependencies": [
            "gns3_project.lab",
            "gns3_template.mikrotik2",
            "gns3_template.mikrotik3"
          ]
        }
      ]
    },
    {
      "mode": "managed",
      "type": "gns3_link",
      "name": "link_mikrotik_switch",
      "provider": "provider[\"registry.terraform.io/netopschic/gns3\"]",
      "instances": [
        {
          "schema_version": 0,
          "attributes": {
            "id": "9fb80436-8790-476f-8b6a-50b49513fa72",
            "link_id": "9fb80436-8790-476f-8b6a-50b49513fa72",
            "node_a_adapter": 1,
            "node_a_id": "21ce0a66-cd6d-4433-b831-ba6937d6d4e9",
            "node_a_port": 0,
            "node_b_adapter": 0,
            "node_b_id": "826f87ae-6e4a-4d37-8e4a-f7da787dd698",
            "node_b_port": 0,
            "project_id": "2d02177a-4038-4742-9af2-d4dca38a1199"
          },
          "sensitive_attributes": [],
          "identity_schema_version": 0,
          "private": "bnVsbA==",
          "dependencies": [
            "gns3_project.lab",
            "gns3_switch.switch1",
            "gns3_template.mikrotik1"
          ]
        }
      ]
    },
    {
      "mode": "managed",
      "type": "gns3_link",
      "name": "link_nat_mikrotik",
      "provider": "provider[\"registry.terraform.io/netopschic/gns3\"]",
      "instances": [
        {
          "schema_version": 0,
          "attributes": {
            "id": "aee4b5d4-72bb-43d3-86dc-6e30955e333b",
            "link_id": "aee4b5d4-72bb-43d3-86dc-6e30955e333b",
            "node_a_adapter": 0,
            "node_a_id": "bb291822-ca3d-40aa-acff-9cbb54ecf220",
            "node_a_port": 0,
            "node_b_adapter": 0,
            "node_b_id": "21ce0a66-cd6d-4433-b831-ba6937d6d4e9",
            "node_b_port": 0,
            "project_id": "2d02177a-4038-4742-9af2-d4dca38a1199"
          },
          "sensitive_attributes": [],
          "identity_schema_version": 0,
          "private": "bnVsbA==",
          "dependencies": [
            "gns3_nat.internet",
            "gns3_project.lab",
            "gns3_template.mikrotik1"
          ]
        }
      ]
    },
    {
      "mode": "managed",
      "type": "gns3_link",
      "name": "link_switch_pc1",
      "provider": "provider[\"registry.terraform.io/netopschic/gns3\"]",
      "instances": [
        {
          "schema_version": 0,
          "attributes": {
            "id": "ace846c1-92e6-4706-80a9-ddfad9e11fec",
            "link_id": "ace846c1-92e6-4706-80a9-ddfad9e11fec",
            "node_a_adapter": 0,
            "node_a_id": "826f87ae-6e4a-4d37-8e4a-f7da787dd698",
            "node_a_port": 1,
            "node_b_adapter": 0,
            "node_b_id": "c2c97476-d218-4681-9f29-30f89c8dbc49",
            "node_b_port": 0,
            "project_id": "2d02177a-4038-4742-9af2-d4dca38a1199"
          },
          "sensitive_attributes": [],
          "identity_schema_version": 0,
          "private": "bnVsbA==",
          "dependencies": [
            "gns3_project.lab",
            "gns3_switch.switch1",
            "gns3_template.office_pc"
          ]
        }
      ]
    },
    {
      "mode": "managed",
      "type": "gns3_link",
      "name": "link_switch_pc2",
      "provider": "provider[\"registry.terraform.io/netopschic/gns3\"]",
      "instances": [
        {
          "schema_version": 0,
          "attributes": {
            "id": "45cbe82d-f464-43fc-8063-4f97d49df519",
            "link_id": "45cbe82d-f464-43fc-8063-4f97d49df519",
            "node_a_adapter": 0,
            "node_a_id": "826f87ae-6e4a-4d37-8e4a-f7da787dd698",
            "node_a_port": 2,
            "node_b_adapter": 0,
            "node_b_id": "0c29e734-7b01-4633-bbc5-0fd6188888b4",
            "node_b_port": 0,
            "project_id": "2d02177a-4038-4742-9af2-d4dca38a1199"
          },
          "sensitive_attributes": [],
          "identity_schema_version": 0,
          "private": "bnVsbA==",
          "dependencies": [
            "gns3_project.lab",
            "gns3_switch.switch1",
            "gns3_template.office_pc2"
          ]
        }
      ]
    },
    {
      "mode": "managed",
      "type": "gns3_nat",
      "name": "internet",
      "provider": "provider[\"registry.terraform.io/netopschic/gns3\"]",
      "instances": [
        {
          "schema_version": 0,
          "attributes": {
            "compute_id": "local",
            "id": "bb291822-ca3d-40aa-acff-9cbb54ecf220",
            "name": "Internet-NAT",
            "nat_id": "bb291822-ca3d-40aa-acff-9cbb54ecf220",
            "project_id": "2d02177a-4038-4742-9af2-d4dca38a1199",
            "symbol": ":/symbols/nat.svg",
            "x": -300,
            "y": 0
          },
          "sensitive_attributes": [],
          "identity_schema_version": 0,
          "private": "bnVsbA==",
          "dependencies": [
            "gns3_project.lab"
          ]
        }
      ]
    },
    {
      "mode": "managed",
      "type": "gns3_project",
      "name": "lab",
      "provider": "provider[\"registry.terraform.io/netopschic/gns3\"]",
      "instances": [
        {
          "schema_version": 0,
          "attributes": {
            "id": "2d02177a-4038-4742-9af2-d4dca38a1199",
            "name": "enterprise_branch_lab",
            "project_id": "2d02177a-4038-4742-9af2-d4dca38a1199"
          },
          "sensitive_attributes": [],
          "identity_schema_version": 0,
          "private": "bnVsbA=="
        }
      ]
    },
    {
      "mode": "managed",
      "type": "gns3_start_all",
      "name": "start_nodes",
      "provider": "provider[\"registry.terraform.io/netopschic/gns3\"]",
      "instances": [
        {
          "schema_version": 0,
          "attributes": {
            "id": "2d02177a-4038-4742-9af2-d4dca38a1199-start",
            "project_id": "2d02177a-4038-4742-9af2-d4dca38a1199"
          },
          "sensitive_attributes": [],
          "identity_schema_version": 0,
          "private": "bnVsbA==",
          "dependencies": [
            "gns3_project.lab"
          ]
        }
      ]
    },
    {
      "mode": "managed",
      "type": "gns3_switch",
      "name": "switch1",
      "provider": "provider[\"registry.terraform.io/netopschic/gns3\"]",
      "instances": [
        {
          "schema_version": 0,
          "attributes": {
            "compute_id": "local",
            "id": "826f87ae-6e4a-4d37-8e4a-f7da787dd698",
            "name": "Core-Switch",
            "project_id": "2d02177a-4038-4742-9af2-d4dca38a1199",
            "switch_id": "826f87ae-6e4a-4d37-8e4a-f7da787dd698",
            "symbol": ":/symbols/ethernet_switch.svg",
            "x": 0,
            "y": 100
          },
          "sensitive_attributes": [],
          "identity_schema_version": 0,
          "private": "bnVsbA==",
          "dependencies": [
            "gns3_project.lab"
          ]
        }
      ]
    },
    {
      "mode": "managed",
      "type": "gns3_template",
      "name": "mikrotik1",
      "provider": "provider[\"registry.terraform.io/netopschic/gns3\"]",
      "instances": [
        {
          "schema_version": 0,
          "attributes": {
            "compute_id": "local",
            "id": "21ce0a66-cd6d-4433-b831-ba6937d6d4e9",
            "name": "MikroTik-Edge-Router",
            "project_id": "2d02177a-4038-4742-9af2-d4dca38a1199",
            "start": true,
            "template_id": "a64bed07-cbe9-4e74-8645-366f9e9d472b",
            "x": 0,
            "y": 0
          },
          "sensitive_attributes": [],
          "identity_schema_version": 0,
          "private": "bnVsbA==",
          "dependencies": [
            "gns3_project.lab"
          ]
        }
      ]
    },
    {
      "mode": "managed",
      "type": "gns3_template",
      "name": "mikrotik2",
      "provider": "provider[\"registry.terraform.io/netopschic/gns3\"]",
      "instances": [
        {
          "schema_version": 0,
          "attributes": {
            "compute_id": "local",
            "id": "8d1b7ce8-385d-4f50-a7c9-564dc726e947",
            "name": "MikroTik-Edge-Router1",
            "project_id": "2d02177a-4038-4742-9af2-d4dca38a1199",
            "start": true,
            "template_id": "a64bed07-cbe9-4e74-8645-366f9e9d472b",
            "x": 250,
            "y": 0
          },
          "sensitive_attributes": [],
          "identity_schema_version": 0,
          "private": "bnVsbA==",
          "dependencies": [
            "gns3_project.lab"
          ]
        }
      ]
    },
    {
      "mode": "managed",
      "type": "gns3_template",
      "name": "mikrotik3",
      "provider": "provider[\"registry.terraform.io/netopschic/gns3\"]",
      "instances": [
        {
          "schema_version": 0,
          "attributes": {
            "compute_id": "local",
            "id": "45894104-50d4-4b26-bf53-c155e057f10e",
            "name": "MikroTik-Edge-Router2",
            "project_id": "2d02177a-4038-4742-9af2-d4dca38a1199",
            "start": true,
            "template_id": "a64bed07-cbe9-4e74-8645-366f9e9d472b",
            "x": 500,
            "y": 0
          },
          "sensitive_attributes": [],
          "identity_schema_version": 0,
          "private": "bnVsbA==",
          "dependencies": [
            "gns3_project.lab"
          ]
        }
      ]
    },
    {
      "mode": "managed",
      "type": "gns3_template",
      "name": "office_pc",
      "provider": "provider[\"registry.terraform.io/netopschic/gns3\"]",
      "instances": [
        {
          "schema_version": 0,
          "attributes": {
            "compute_id": "local",
            "id": "c2c97476-d218-4681-9f29-30f89c8dbc49",
            "name": "Office-PC",
            "project_id": "2d02177a-4038-4742-9af2-d4dca38a1199",
            "start": true,
            "template_id": "19021f99-e36f-394d-b4a1-8aaa902ab9cc",
            "x": 100,
            "y": 200
          },
          "sensitive_attributes": [],
          "identity_schema_version": 0,
          "private": "bnVsbA==",
          "dependencies": [
            "gns3_project.lab"
          ]
        }
      ]
    },
    {
      "mode": "managed",
      "type": "gns3_template",
      "name": "office_pc2",
      "provider": "provider[\"registry.terraform.io/netopschic/gns3\"]",
      "instances": [
        {
          "schema_version": 0,
          "attributes": {
            "compute_id": "local",
            "id": "0c29e734-7b01-4633-bbc5-0fd6188888b4",
            "name": "Office-PC2",
            "project_id": "2d02177a-4038-4742-9af2-d4dca38a1199",
            "start": true,
            "template_id": "19021f99-e36f-394d-b4a1-8aaa902ab9cc",
            "x": 300,
            "y": 200
          },
          "sensitive_attributes": [],
          "identity_schema_version": 0,
          "private": "bnVsbA==",
          "dependencies": [
            "gns3_project.lab"
          ]
        }
      ]
    },
    {
      "mode": "managed",
      "type": "null_resource",
      "name": "fix_nat_symbol",
      "provider": "provider[\"registry.terraform.io/hashicorp/null\"]",
      "instances": [
        {
          "schema_version": 0,
          "attributes": {
            "id": "5613208447805635834",
            "triggers": {
              "node_id": "bb291822-ca3d-40aa-acff-9cbb54ecf220"
            }
          },
          "sensitive_attributes": [],
          "identity_schema_version": 0,
          "dependencies": [
            "gns3_nat.internet",
            "gns3_project.lab",
            "gns3_start_all.start_nodes"
          ]
        }
      ]
    },
    {
      "mode": "managed",
      "type": "null_resource",
      "name": "fix_pc_symbol",
      "provider": "provider[\"registry.terraform.io/hashicorp/null\"]",
      "instances": [
        {
          "schema_version": 0,
          "attributes": {
            "id": "3582818037378988034",
            "triggers": {
              "node_id": "c2c97476-d218-4681-9f29-30f89c8dbc49"
            }
          },
          "sensitive_attributes": [],
          "identity_schema_version": 0,
          "dependencies": [
            "gns3_nat.internet",
            "gns3_project.lab",
            "gns3_start_all.start_nodes",
            "gns3_switch.switch1",
            "gns3_template.office_pc",
            "null_resource.fix_nat_symbol",
            "null_resource.fix_switch_symbol"
          ]
        }
      ]
    },
    {
      "mode": "managed",
      "type": "null_resource",
      "name": "fix_switch_symbol",
      "provider": "provider[\"registry.terraform.io/hashicorp/null\"]",
      "instances": [
        {
          "schema_version": 0,
          "attributes": {
            "id": "8872989297948373441",
            "triggers": {
              "node_id": "826f87ae-6e4a-4d37-8e4a-f7da787dd698"
            }
          },
          "sensitive_attributes": [],
          "identity_schema_version": 0,
          "dependencies": [
            "gns3_nat.internet",
            "gns3_project.lab",
            "gns3_start_all.start_nodes",
            "gns3_switch.switch1",
            "null_resource.fix_nat_symbol"
          ]
        }
      ]
    }
  ],
  "check_results": null
}
