{
  "version": 4,
  "terraform_version": "1.16.2",
  "serial": 80,
  "lineage": "f424fc9f-9e48-7564-36f3-b0386dc0df56",
  "outputs": {},
  "resources": [
    {
      "mode": "managed",
      "type": "gns3_link",
      "name": "link_mikrotik_switch",
      "provider": "provider[\"registry.terraform.io/netopschic/gns3\"]",
      "instances": [
        {
          "schema_version": 0,
          "attributes": {
            "id": "dc7d3f68-ac44-49ed-92bd-4b0ba55057d5",
            "link_id": "dc7d3f68-ac44-49ed-92bd-4b0ba55057d5",
            "node_a_adapter": 1,
            "node_a_id": "26f72aaa-afd5-400b-a639-98b1e5220cca",
            "node_a_port": 0,
            "node_b_adapter": 0,
            "node_b_id": "5df8f98c-d36c-48f2-9ade-654186117f1c",
            "node_b_port": 0,
            "project_id": "d7acb97c-c399-4d69-827f-e1d07ad938d6"
          },
          "sensitive_attributes": [],
          "identity_schema_version": 0,
          "private": "bnVsbA==",
          "dependencies": [
            "gns3_project.lab",
            "gns3_switch.switch1",
            "gns3_template.mikrotik1"
          ]
        }
      ]
    },
    {
      "mode": "managed",
      "type": "gns3_link",
      "name": "link_nat_mikrotik",
      "provider": "provider[\"registry.terraform.io/netopschic/gns3\"]",
      "instances": [
        {
          "schema_version": 0,
          "attributes": {
            "id": "ee288e2a-3ef7-411e-83d9-69d21176d480",
            "link_id": "ee288e2a-3ef7-411e-83d9-69d21176d480",
            "node_a_adapter": 0,
            "node_a_id": "d60d92bc-70c2-435a-854a-456fe02c2796",
            "node_a_port": 0,
            "node_b_adapter": 0,
            "node_b_id": "26f72aaa-afd5-400b-a639-98b1e5220cca",
            "node_b_port": 0,
            "project_id": "d7acb97c-c399-4d69-827f-e1d07ad938d6"
          },
          "sensitive_attributes": [],
          "identity_schema_version": 0,
          "private": "bnVsbA==",
          "dependencies": [
            "gns3_nat.internet",
            "gns3_project.lab",
            "gns3_template.mikrotik1"
          ]
        }
      ]
    },
    {
      "mode": "managed",
      "type": "gns3_link",
      "name": "link_switch_pc",
      "provider": "provider[\"registry.terraform.io/netopschic/gns3\"]",
      "instances": [
        {
          "schema_version": 0,
          "attributes": {
            "id": "a20dccae-afb2-4b30-ae5f-4f51f63e937a",
            "link_id": "a20dccae-afb2-4b30-ae5f-4f51f63e937a",
            "node_a_adapter": 0,
            "node_a_id": "5df8f98c-d36c-48f2-9ade-654186117f1c",
            "node_a_port": 1,
            "node_b_adapter": 0,
            "node_b_id": "98ebac06-509f-4808-b3eb-94ac59282393",
            "node_b_port": 0,
            "project_id": "d7acb97c-c399-4d69-827f-e1d07ad938d6"
          },
          "sensitive_attributes": [],
          "identity_schema_version": 0,
          "private": "bnVsbA==",
          "dependencies": [
            "gns3_project.lab",
            "gns3_switch.switch1",
            "gns3_template.office_pc"
          ]
        }
      ]
    },
    {
      "mode": "managed",
      "type": "gns3_nat",
      "name": "internet",
      "provider": "provider[\"registry.terraform.io/netopschic/gns3\"]",
      "instances": [
        {
          "schema_version": 0,
          "attributes": {
            "compute_id": "local",
            "id": "d60d92bc-70c2-435a-854a-456fe02c2796",
            "name": "Internet-NAT",
            "nat_id": "d60d92bc-70c2-435a-854a-456fe02c2796",
            "project_id": "d7acb97c-c399-4d69-827f-e1d07ad938d6",
            "symbol": null,
            "x": null,
            "y": null
          },
          "sensitive_attributes": [],
          "identity_schema_version": 0,
          "private": "bnVsbA==",
          "dependencies": [
            "gns3_project.lab"
          ]
        }
      ]
    },
    {
      "mode": "managed",
      "type": "gns3_project",
      "name": "lab",
      "provider": "provider[\"registry.terraform.io/netopschic/gns3\"]",
      "instances": [
        {
          "schema_version": 0,
          "attributes": {
            "id": "d7acb97c-c399-4d69-827f-e1d07ad938d6",
            "name": "enterprise_branch_lab",
            "project_id": "d7acb97c-c399-4d69-827f-e1d07ad938d6"
          },
          "sensitive_attributes": [],
          "identity_schema_version": 0,
          "private": "bnVsbA=="
        }
      ]
    },
    {
      "mode": "managed",
      "type": "gns3_start_all",
      "name": "start_nodes",
      "provider": "provider[\"registry.terraform.io/netopschic/gns3\"]",
      "instances": [
        {
          "schema_version": 0,
          "attributes": {
            "id": "d7acb97c-c399-4d69-827f-e1d07ad938d6-start",
            "project_id": "d7acb97c-c399-4d69-827f-e1d07ad938d6"
          },
          "sensitive_attributes": [],
          "identity_schema_version": 0,
          "private": "bnVsbA==",
          "dependencies": [
            "gns3_project.lab"
          ]
        }
      ]
    },
    {
      "mode": "managed",
      "type": "gns3_switch",
      "name": "switch1",
      "provider": "provider[\"registry.terraform.io/netopschic/gns3\"]",
      "instances": [
        {
          "schema_version": 0,
          "attributes": {
            "compute_id": "local",
            "id": "5df8f98c-d36c-48f2-9ade-654186117f1c",
            "name": "Core-Switch",
            "project_id": "d7acb97c-c399-4d69-827f-e1d07ad938d6",
            "switch_id": "5df8f98c-d36c-48f2-9ade-654186117f1c",
            "symbol": null,
            "x": null,
            "y": null
          },
          "sensitive_attributes": [],
          "identity_schema_version": 0,
          "private": "bnVsbA==",
          "dependencies": [
            "gns3_project.lab"
          ]
        }
      ]
    },
    {
      "mode": "managed",
      "type": "gns3_template",
      "name": "mikrotik1",
      "provider": "provider[\"registry.terraform.io/netopschic/gns3\"]",
      "instances": [
        {
          "schema_version": 0,
          "attributes": {
            "compute_id": "local",
            "id": "26f72aaa-afd5-400b-a639-98b1e5220cca",
            "name": "MikroTik-Edge-Router",
            "project_id": "d7acb97c-c399-4d69-827f-e1d07ad938d6",
            "start": true,
            "template_id": "a64bed07-cbe9-4e74-8645-366f9e9d472b",
            "x": 0,
            "y": 0
          },
          "sensitive_attributes": [],
          "identity_schema_version": 0,
          "private": "bnVsbA==",
          "dependencies": [
            "gns3_project.lab"
          ]
        }
      ]
    },
    {
      "mode": "managed",
      "type": "gns3_template",
      "name": "office_pc",
      "provider": "provider[\"registry.terraform.io/netopschic/gns3\"]",
      "instances": [
        {
          "schema_version": 0,
          "attributes": {
            "compute_id": "local",
            "id": "98ebac06-509f-4808-b3eb-94ac59282393",
            "name": "Office-PC",
            "project_id": "d7acb97c-c399-4d69-827f-e1d07ad938d6",
            "start": true,
            "template_id": "19021f99-e36f-394d-b4a1-8aaa902ab9cc",
            "x": 0,
            "y": 0
          },
          "sensitive_attributes": [],
          "identity_schema_version": 0,
          "private": "bnVsbA==",
          "dependencies": [
            "gns3_project.lab"
          ]
        }
      ]
    },
    {
      "mode": "managed",
      "type": "null_resource",
      "name": "fix_mikrotik_symbol",
      "provider": "provider[\"registry.terraform.io/hashicorp/null\"]",
      "instances": [
        {
          "schema_version": 0,
          "attributes": {
            "id": "7399383838784988338",
            "triggers": null
          },
          "sensitive_attributes": [],
          "identity_schema_version": 0,
          "dependencies": [
            "gns3_project.lab",
            "gns3_template.mikrotik1"
          ]
        }
      ]
    },
    {
      "mode": "managed",
      "type": "null_resource",
      "name": "fix_nat_symbol",
      "provider": "provider[\"registry.terraform.io/hashicorp/null\"]",
      "instances": [
        {
          "schema_version": 0,
          "attributes": {
            "id": "9077588971630635602",
            "triggers": null
          },
          "sensitive_attributes": [],
          "identity_schema_version": 0,
          "dependencies": [
            "gns3_nat.internet",
            "gns3_project.lab"
          ]
        }
      ]
    },
    {
      "mode": "managed",
      "type": "null_resource",
      "name": "fix_pc_symbol",
      "provider": "provider[\"registry.terraform.io/hashicorp/null\"]",
      "instances": [
        {
          "schema_version": 0,
          "attributes": {
            "id": "896263730709225071",
            "triggers": null
          },
          "sensitive_attributes": [],
          "identity_schema_version": 0,
          "dependencies": [
            "gns3_project.lab",
            "gns3_template.office_pc"
          ]
        }
      ]
    },
    {
      "mode": "managed",
      "type": "null_resource",
      "name": "fix_switch_symbol",
      "provider": "provider[\"registry.terraform.io/hashicorp/null\"]",
      "instances": [
        {
          "schema_version": 0,
          "attributes": {
            "id": "7863133389886845098",
            "triggers": null
          },
          "sensitive_attributes": [],
          "identity_schema_version": 0,
          "dependencies": [
            "gns3_project.lab",
            "gns3_switch.switch1"
          ]
        }
      ]
    }
  ],
  "check_results": null
}
